
Microsoft Visual Studio Solution File, Format Version 12.00
# Visual Studio Version 16
VisualStudioVersion = 16.0.31019.35
MinimumVisualStudioVersion = 10.0.40219.1
Project("{8BC9CEB8-8B4A-11D0-8D11-00A0C91BC942}") = "Computer Lab Management System", "Computer Lab Management System\Computer Lab Management System.vcxproj", "{BD0C433D-D093-40BC-9C60-0A467221103B}"
EndProject
Global
	GlobalSection(SolutionConfigurationPlatforms) = preSolution
		Debug|x64 = Debug|x64
		Debug|x86 = Debug|x86
		Release|x64 = Release|x64
		Release|x86 = Release|x86
	EndGlobalSection
	GlobalSection(ProjectConfigurationPlatforms) = postSolution
		{BD0C433D-D093-40BC-9C60-0A467221103B}.Debug|x64.ActiveCfg = Debug|x64
		{BD0C433D-D093-40BC-9C60-0A467221103B}.Debug|x64.Build.0 = Debug|x64
		{BD0C433D-D093-40BC-9C60-0A467221103B}.Debug|x86.ActiveCfg = Debug|Win32
		{BD0C433D-D093-40BC-9C60-0A467221103B}.Debug|x86.Build.0 = Debug|Win32
		{BD0C433D-D093-40BC-9C60-0A467221103B}.Release|x64.ActiveCfg = Release|x64
		{BD0C433D-D093-40BC-9C60-0A467221103B}.Release|x64.Build.0 = Release|x64
		{BD0C433D-D093-40BC-9C60-0A467221103B}.Release|x86.ActiveCfg = Release|Win32
		{BD0C433D-D093-40BC-9C60-0A467221103B}.Release|x86.Build.0 = Release|Win32
	EndGlobalSection
	GlobalSection(SolutionProperties) = preSolution
		HideSolutionNode = FALSE
	EndGlobalSection
	GlobalSection(ExtensibilityGlobals) = postSolution
		SolutionGuid = {0BAB9829-0FF7-4B01-A737-883464C27F82}
	EndGlobalSection
EndGlobal
